
Microsoft Visual Studio Solution File, Format Version 12.00
# Visual Studio Version 16
VisualStudioVersion = 16.0.32630.194
MinimumVisualStudioVersion = 10.0.40219.1
Project("{FAE04EC0-301F-11D3-BF4B-00C04F79EFBC}") = "NilkanthApplication", "NilkanthApplication\NilkanthApplication.csproj", "{0EAED291-C305-4B6E-9EE7-C95FF7E35898}"
EndProject
Project("{54435603-DBB4-11D2-8724-00A0C9A8B90C}") = "NilkanthApplicationSetup", "NilkanthApplicationSetup\NilkanthApplicationSetup.vdproj", "{EDC15C02-9F50-4E1E-BD31-721820D5D5E1}"
EndProject
Global
	GlobalSection(SolutionConfigurationPlatforms) = preSolution
		Debug|Any CPU = Debug|Any CPU
		Release|Any CPU = Release|Any CPU
	EndGlobalSection
	GlobalSection(ProjectConfigurationPlatforms) = postSolution
		{0EAED291-C305-4B6E-9EE7-C95FF7E35898}.Debug|Any CPU.ActiveCfg = Debug|Any CPU
		{0EAED291-C305-4B6E-9EE7-C95FF7E35898}.Debug|Any CPU.Build.0 = Debug|Any CPU
		{0EAED291-C305-4B6E-9EE7-C95FF7E35898}.Release|Any CPU.ActiveCfg = Release|Any CPU
		{0EAED291-C305-4B6E-9EE7-C95FF7E35898}.Release|Any CPU.Build.0 = Release|Any CPU
		{EDC15C02-9F50-4E1E-BD31-721820D5D5E1}.Debug|Any CPU.ActiveCfg = Debug
		{EDC15C02-9F50-4E1E-BD31-721820D5D5E1}.Release|Any CPU.ActiveCfg = Release
	EndGlobalSection
	GlobalSection(SolutionProperties) = preSolution
		HideSolutionNode = FALSE
	EndGlobalSection
	GlobalSection(ExtensibilityGlobals) = postSolution
		SolutionGuid = {A454302E-0B47-47BA-B15F-DEB04CE23503}
	EndGlobalSection
EndGlobal
